
Microsoft Visual Studio Solution File, Format Version 12.00
# Visual Studio 2015
Project("{FAE04EC0-301F-11D3-BF4B-00C04F79EFBC}") = "SpeaceShooter", "SpeaceShooter.csproj", "{93DE1A82-33EB-79BF-6D1A-39F5088F2070}"
EndProject
Project("{FAE04EC0-301F-11D3-BF4B-00C04F79EFBC}") = "SpeaceShooter.Editor", "SpeaceShooter.Editor.csproj", "{9E9C393C-8B5B-3908-E832-3BE9EB69D31C}"
EndProject
Global
	GlobalSection(SolutionConfigurationPlatforms) = preSolution
		Debug|Any CPU = Debug|Any CPU
		Release|Any CPU = Release|Any CPU
	EndGlobalSection
	GlobalSection(ProjectConfigurationPlatforms) = postSolution
		{93DE1A82-33EB-79BF-6D1A-39F5088F2070}.Debug|Any CPU.ActiveCfg = Debug|Any CPU
		{93DE1A82-33EB-79BF-6D1A-39F5088F2070}.Debug|Any CPU.Build.0 = Debug|Any CPU
		{93DE1A82-33EB-79BF-6D1A-39F5088F2070}.Release|Any CPU.ActiveCfg = Release|Any CPU
		{93DE1A82-33EB-79BF-6D1A-39F5088F2070}.Release|Any CPU.Build.0 = Release|Any CPU
		{9E9C393C-8B5B-3908-E832-3BE9EB69D31C}.Debug|Any CPU.ActiveCfg = Debug|Any CPU
		{9E9C393C-8B5B-3908-E832-3BE9EB69D31C}.Debug|Any CPU.Build.0 = Debug|Any CPU
		{9E9C393C-8B5B-3908-E832-3BE9EB69D31C}.Release|Any CPU.ActiveCfg = Release|Any CPU
		{9E9C393C-8B5B-3908-E832-3BE9EB69D31C}.Release|Any CPU.Build.0 = Release|Any CPU
	EndGlobalSection
	GlobalSection(SolutionProperties) = preSolution
		HideSolutionNode = FALSE
	EndGlobalSection
EndGlobal
